
Microsoft Visual Studio Solution File, Format Version 12.00
# Visual Studio 15
VisualStudioVersion = 15.0.28307.421
MinimumVisualStudioVersion = 10.0.40219.1
Project("{FAE04EC0-301F-11D3-BF4B-00C04F79EFBC}") = "Sistema", "Sistema\Sistema.csproj", "{565D3BFB-F368-460C-8AEF-29DCF9BD7BDD}"
EndProject
Project("{FAE04EC0-301F-11D3-BF4B-00C04F79EFBC}") = "DBManager", "DBManager\DBManager.csproj", "{314598DD-123C-4A42-9244-696C240ED2D4}"
EndProject
Project("{FAE04EC0-301F-11D3-BF4B-00C04F79EFBC}") = "CacheManager", "CacheManager\CacheManager.csproj", "{F4CB0F86-2CE9-4D6D-A5D2-CD4A4D8FD40F}"
EndProject
Project("{FAE04EC0-301F-11D3-BF4B-00C04F79EFBC}") = "SessionManager", "SessionManager\SessionManager.csproj", "{95C153FE-CF5E-411E-A0BF-DDC37046A993}"
EndProject
Project("{FAE04EC0-301F-11D3-BF4B-00C04F79EFBC}") = "General", "General\General.csproj", "{E4FDB556-2CA1-4F92-B2C4-79AA13258D88}"
EndProject
Project("{FAE04EC0-301F-11D3-BF4B-00C04F79EFBC}") = "Informes", "Informes\Informes.csproj", "{8071BB63-08F4-46AA-8E46-A4BBEB68537A}"
EndProject
Global
	GlobalSection(SolutionConfigurationPlatforms) = preSolution
		Debug|Any CPU = Debug|Any CPU
		Release|Any CPU = Release|Any CPU
	EndGlobalSection
	GlobalSection(ProjectConfigurationPlatforms) = postSolution
		{565D3BFB-F368-460C-8AEF-29DCF9BD7BDD}.Debug|Any CPU.ActiveCfg = Debug|Any CPU
		{565D3BFB-F368-460C-8AEF-29DCF9BD7BDD}.Debug|Any CPU.Build.0 = Debug|Any CPU
		{565D3BFB-F368-460C-8AEF-29DCF9BD7BDD}.Release|Any CPU.ActiveCfg = Release|Any CPU
		{565D3BFB-F368-460C-8AEF-29DCF9BD7BDD}.Release|Any CPU.Build.0 = Release|Any CPU
		{314598DD-123C-4A42-9244-696C240ED2D4}.Debug|Any CPU.ActiveCfg = Debug|Any CPU
		{314598DD-123C-4A42-9244-696C240ED2D4}.Debug|Any CPU.Build.0 = Debug|Any CPU
		{314598DD-123C-4A42-9244-696C240ED2D4}.Release|Any CPU.ActiveCfg = Release|Any CPU
		{314598DD-123C-4A42-9244-696C240ED2D4}.Release|Any CPU.Build.0 = Release|Any CPU
		{F4CB0F86-2CE9-4D6D-A5D2-CD4A4D8FD40F}.Debug|Any CPU.ActiveCfg = Debug|Any CPU
		{F4CB0F86-2CE9-4D6D-A5D2-CD4A4D8FD40F}.Debug|Any CPU.Build.0 = Debug|Any CPU
		{F4CB0F86-2CE9-4D6D-A5D2-CD4A4D8FD40F}.Release|Any CPU.ActiveCfg = Release|Any CPU
		{F4CB0F86-2CE9-4D6D-A5D2-CD4A4D8FD40F}.Release|Any CPU.Build.0 = Release|Any CPU
		{95C153FE-CF5E-411E-A0BF-DDC37046A993}.Debug|Any CPU.ActiveCfg = Debug|Any CPU
		{95C153FE-CF5E-411E-A0BF-DDC37046A993}.Debug|Any CPU.Build.0 = Debug|Any CPU
		{95C153FE-CF5E-411E-A0BF-DDC37046A993}.Release|Any CPU.ActiveCfg = Release|Any CPU
		{95C153FE-CF5E-411E-A0BF-DDC37046A993}.Release|Any CPU.Build.0 = Release|Any CPU
		{E4FDB556-2CA1-4F92-B2C4-79AA13258D88}.Debug|Any CPU.ActiveCfg = Debug|Any CPU
		{E4FDB556-2CA1-4F92-B2C4-79AA13258D88}.Debug|Any CPU.Build.0 = Debug|Any CPU
		{E4FDB556-2CA1-4F92-B2C4-79AA13258D88}.Release|Any CPU.ActiveCfg = Release|Any CPU
		{E4FDB556-2CA1-4F92-B2C4-79AA13258D88}.Release|Any CPU.Build.0 = Release|Any CPU
		{8071BB63-08F4-46AA-8E46-A4BBEB68537A}.Debug|Any CPU.ActiveCfg = Debug|Any CPU
		{8071BB63-08F4-46AA-8E46-A4BBEB68537A}.Debug|Any CPU.Build.0 = Debug|Any CPU
		{8071BB63-08F4-46AA-8E46-A4BBEB68537A}.Release|Any CPU.ActiveCfg = Release|Any CPU
		{8071BB63-08F4-46AA-8E46-A4BBEB68537A}.Release|Any CPU.Build.0 = Release|Any CPU
	EndGlobalSection
	GlobalSection(SolutionProperties) = preSolution
		HideSolutionNode = FALSE
	EndGlobalSection
	GlobalSection(ExtensibilityGlobals) = postSolution
		SolutionGuid = {F1D206D3-9CA5-42D5-91E3-87812F3D9D55}
	EndGlobalSection
EndGlobal
